{
  "name": "backend",
  "version": "1.0.0",
  "lockfileVersion": 1,
  "requires": true,
  "dependencies": {
    "node-php-server": {
      "version": "0.1.2",
      "resolved": "https://registry.npmjs.org/node-php-server/-/node-php-server-0.1.2.tgz",
      "integrity": "sha1-ExoFCdYDrs4y+P3kEvUrnEriZig=",
      "requires": {
        "open": "*"
      }
    },
    "open": {
      "version": "0.0.5",
      "resolved": "https://registry.npmjs.org/open/-/open-0.0.5.tgz",
      "integrity": "sha1-QsPhjslUZra/DcQvOilFw/DK2Pw="
    }
  }
}
